
Microsoft Visual Studio Solution File, Format Version 12.00
# Visual Studio Version 17
VisualStudioVersion = 17.4.33110.190
MinimumVisualStudioVersion = 10.0.40219.1
Project("{FAE04EC0-301F-11D3-BF4B-00C04F79EFBC}") = "BankApplicationAPI", "BankApplicationAPI\BankApplicationAPI.csproj", "{968114D2-AACF-445F-86A8-C391AFCCCD53}"
EndProject
Project("{FAE04EC0-301F-11D3-BF4B-00C04F79EFBC}") = "BankApplicationBussinessLogicLayer", "BankApplicationBussinessLogicLayer\BankApplicationBussinessLogicLayer.csproj", "{EB31EAC5-1E51-456A-987D-086583BAFEDB}"
EndProject
Project("{FAE04EC0-301F-11D3-BF4B-00C04F79EFBC}") = "BankApplicationDataAccessLayer", "BankApplicationDataAccessLayer\BankApplicationDataAccessLayer.csproj", "{08425684-5F63-4345-A02F-334030308D9C}"
EndProject
Global
	GlobalSection(SolutionConfigurationPlatforms) = preSolution
		Debug|Any CPU = Debug|Any CPU
		Release|Any CPU = Release|Any CPU
	EndGlobalSection
	GlobalSection(ProjectConfigurationPlatforms) = postSolution
		{968114D2-AACF-445F-86A8-C391AFCCCD53}.Debug|Any CPU.ActiveCfg = Debug|Any CPU
		{968114D2-AACF-445F-86A8-C391AFCCCD53}.Debug|Any CPU.Build.0 = Debug|Any CPU
		{968114D2-AACF-445F-86A8-C391AFCCCD53}.Release|Any CPU.ActiveCfg = Release|Any CPU
		{968114D2-AACF-445F-86A8-C391AFCCCD53}.Release|Any CPU.Build.0 = Release|Any CPU
		{EB31EAC5-1E51-456A-987D-086583BAFEDB}.Debug|Any CPU.ActiveCfg = Debug|Any CPU
		{EB31EAC5-1E51-456A-987D-086583BAFEDB}.Debug|Any CPU.Build.0 = Debug|Any CPU
		{EB31EAC5-1E51-456A-987D-086583BAFEDB}.Release|Any CPU.ActiveCfg = Release|Any CPU
		{EB31EAC5-1E51-456A-987D-086583BAFEDB}.Release|Any CPU.Build.0 = Release|Any CPU
		{08425684-5F63-4345-A02F-334030308D9C}.Debug|Any CPU.ActiveCfg = Debug|Any CPU
		{08425684-5F63-4345-A02F-334030308D9C}.Debug|Any CPU.Build.0 = Debug|Any CPU
		{08425684-5F63-4345-A02F-334030308D9C}.Release|Any CPU.ActiveCfg = Release|Any CPU
		{08425684-5F63-4345-A02F-334030308D9C}.Release|Any CPU.Build.0 = Release|Any CPU
	EndGlobalSection
	GlobalSection(SolutionProperties) = preSolution
		HideSolutionNode = FALSE
	EndGlobalSection
	GlobalSection(ExtensibilityGlobals) = postSolution
		SolutionGuid = {6D890197-6396-4C9A-99D2-94FC0B02F428}
	EndGlobalSection
EndGlobal
